// !$*UTF8*$!
{
	archiveVersion = 1;
	classes = {
	};
	objectVersion = 48;
	objects = {

/* Begin PBXBuildFile section */
		028DD0011FF5E54E00FF7368 /* AppDelegate.swift in Sources */ = {isa = PBXBuildFile; fileRef = 028DD0001FF5E54E00FF7368 /* AppDelegate.swift */; };
		028DD0031FF5E54E00FF7368 /* ViewController.swift in Sources */ = {isa = PBXBuildFile; fileRef = 028DD0021FF5E54E00FF7368 /* ViewController.swift */; };
		028DD0061FF5E54E00FF7368 /* Main.storyboard in Resources */ = {isa = PBXBuildFile; fileRef = 028DD0041FF5E54E00FF7368 /* Main.storyboard */; };
		028DD0081FF5E54E00FF7368 /* Assets.xcassets in Resources */ = {isa = PBXBuildFile; fileRef = 028DD0071FF5E54E00FF7368 /* Assets.xcassets */; };
		028DD00B1FF5E54E00FF7368 /* LaunchScreen.storyboard in Resources */ = {isa = PBXBuildFile; fileRef = 028DD0091FF5E54E00FF7368 /* LaunchScreen.storyboard */; };
		028DD0101FF5E54E00FF7368 /* HwWProject11 WatchKit App.app in Embed Watch Content */ = {isa = PBXBuildFile; fileRef = 028DD00F1FF5E54E00FF7368 /* HwWProject11 WatchKit App.app */; };
		028DD0161FF5E54E00FF7368 /* Interface.storyboard in Resources */ = {isa = PBXBuildFile; fileRef = 028DD0141FF5E54E00FF7368 /* Interface.storyboard */; };
		028DD0181FF5E54E00FF7368 /* Assets.xcassets in Resources */ = {isa = PBXBuildFile; fileRef = 028DD0171FF5E54E00FF7368 /* Assets.xcassets */; };
		028DD01F1FF5E54E00FF7368 /* HwWProject11 WatchKit Extension.appex in Embed App Extensions */ = {isa = PBXBuildFile; fileRef = 028DD01E1FF5E54E00FF7368 /* HwWProject11 WatchKit Extension.appex */; settings = {ATTRIBUTES = (RemoveHeadersOnCopy, ); }; };
		028DD0241FF5E54E00FF7368 /* InterfaceController.swift in Sources */ = {isa = PBXBuildFile; fileRef = 028DD0231FF5E54E00FF7368 /* InterfaceController.swift */; };
		028DD0261FF5E54E00FF7368 /* ExtensionDelegate.swift in Sources */ = {isa = PBXBuildFile; fileRef = 028DD0251FF5E54E00FF7368 /* ExtensionDelegate.swift */; };
		028DD0281FF5E54E00FF7368 /* Assets.xcassets in Resources */ = {isa = PBXBuildFile; fileRef = 028DD0271FF5E54E00FF7368 /* Assets.xcassets */; };
/* End PBXBuildFile section */

/* Begin PBXContainerItemProxy section */
		028DD0111FF5E54E00FF7368 /* PBXContainerItemProxy */ = {
			isa = PBXContainerItemProxy;
			containerPortal = 028DCFF51FF5E54E00FF7368 /* Project object */;
			proxyType = 1;
			remoteGlobalIDString = 028DD00E1FF5E54E00FF7368;
			remoteInfo = "HwWProject11 WatchKit App";
		};
		028DD0201FF5E54E00FF7368 /* PBXContainerItemProxy */ = {
			isa = PBXContainerItemProxy;
			containerPortal = 028DCFF51FF5E54E00FF7368 /* Project object */;
			proxyType = 1;
			remoteGlobalIDString = 028DD01D1FF5E54E00FF7368;
			remoteInfo = "HwWProject11 WatchKit Extension";
		};
/* End PBXContainerItemProxy section */

/* Begin PBXCopyFilesBuildPhase section */
		028DD02F1FF5E54E00FF7368 /* Embed App Extensions */ = {
			isa = PBXCopyFilesBuildPhase;
			buildActionMask = 2147483647;
			dstPath = "";
			dstSubfolderSpec = 13;
			files = (
				028DD01F1FF5E54E00FF7368 /* HwWProject11 WatchKit Extension.appex in Embed App Extensions */,
			);
			name = "Embed App Extensions";
			runOnlyForDeploymentPostprocessing = 0;
		};
		028DD0331FF5E54E00FF7368 /* Embed Watch Content */ = {
			isa = PBXCopyFilesBuildPhase;
			buildActionMask = 2147483647;
			dstPath = "$(CONTENTS_FOLDER_PATH)/Watch";
			dstSubfolderSpec = 16;
			files = (
				028DD0101FF5E54E00FF7368 /* HwWProject11 WatchKit App.app in Embed Watch Content */,
			);
			name = "Embed Watch Content";
			runOnlyForDeploymentPostprocessing = 0;
		};
/* End PBXCopyFilesBuildPhase section */

/* Begin PBXFileReference section */
		028DCFFD1FF5E54E00FF7368 /* HwWProject11.app */ = {isa = PBXFileReference; explicitFileType = wrapper.application; includeInIndex = 0; path = HwWProject11.app; sourceTree = BUILT_PRODUCTS_DIR; };
		028DD0001FF5E54E00FF7368 /* AppDelegate.swift */ = {isa = PBXFileReference; lastKnownFileType = sourcecode.swift; path = AppDelegate.swift; sourceTree = "<group>"; };
		028DD0021FF5E54E00FF7368 /* ViewController.swift */ = {isa = PBXFileReference; lastKnownFileType = sourcecode.swift; path = ViewController.swift; sourceTree = "<group>"; };
		028DD0051FF5E54E00FF7368 /* Base */ = {isa = PBXFileReference; lastKnownFileType = file.storyboard; name = Base; path = Base.lproj/Main.storyboard; sourceTree = "<group>"; };
		028DD0071FF5E54E00FF7368 /* Assets.xcassets */ = {isa = PBXFileReference; lastKnownFileType = folder.assetcatalog; path = Assets.xcassets; sourceTree = "<group>"; };
		028DD00A1FF5E54E00FF7368 /* Base */ = {isa = PBXFileReference; lastKnownFileType = file.storyboard; name = Base; path = Base.lproj/LaunchScreen.storyboard; sourceTree = "<group>"; };
		028DD00C1FF5E54E00FF7368 /* Info.plist */ = {isa = PBXFileReference; lastKnownFileType = text.plist.xml; path = Info.plist; sourceTree = "<group>"; };
		028DD00F1FF5E54E00FF7368 /* HwWProject11 WatchKit App.app */ = {isa = PBXFileReference; explicitFileType = wrapper.application; includeInIndex = 0; path = "HwWProject11 WatchKit App.app"; sourceTree = BUILT_PRODUCTS_DIR; };
		028DD0151FF5E54E00FF7368 /* Base */ = {isa = PBXFileReference; lastKnownFileType = file.storyboard; name = Base; path = Base.lproj/Interface.storyboard; sourceTree = "<group>"; };
		028DD0171FF5E54E00FF7368 /* Assets.xcassets */ = {isa = PBXFileReference; lastKnownFileType = folder.assetcatalog; path = Assets.xcassets; sourceTree = "<group>"; };
		028DD0191FF5E54E00FF7368 /* Info.plist */ = {isa = PBXFileReference; lastKnownFileType = text.plist.xml; path = Info.plist; sourceTree = "<group>"; };
		028DD01E1FF5E54E00FF7368 /* HwWProject11 WatchKit Extension.appex */ = {isa = PBXFileReference; explicitFileType = "wrapper.app-extension"; includeInIndex = 0; path = "HwWProject11 WatchKit Extension.appex"; sourceTree = BUILT_PRODUCTS_DIR; };
		028DD0231FF5E54E00FF7368 /* InterfaceController.swift */ = {isa = PBXFileReference; lastKnownFileType = sourcecode.swift; path = InterfaceController.swift; sourceTree = "<group>"; };
		028DD0251FF5E54E00FF7368 /* ExtensionDelegate.swift */ = {isa = PBXFileReference; lastKnownFileType = sourcecode.swift; path = ExtensionDelegate.swift; sourceTree = "<group>"; };
		028DD0271FF5E54E00FF7368 /* Assets.xcassets */ = {isa = PBXFileReference; lastKnownFileType = folder.assetcatalog; path = Assets.xcassets; sourceTree = "<group>"; };
		028DD0291FF5E54E00FF7368 /* Info.plist */ = {isa = PBXFileReference; lastKnownFileType = text.plist.xml; path = Info.plist; sourceTree = "<group>"; };
/* End PBXFileReference section */

/* Begin PBXFrameworksBuildPhase section */
		028DCFFA1FF5E54E00FF7368 /* Frameworks */ = {
			isa = PBXFrameworksBuildPhase;
			buildActionMask = 2147483647;
			files = (
			);
			runOnlyForDeploymentPostprocessing = 0;
		};
		028DD01B1FF5E54E00FF7368 /* Frameworks */ = {
			isa = PBXFrameworksBuildPhase;
			buildActionMask = 2147483647;
			files = (
			);
			runOnlyForDeploymentPostprocessing = 0;
		};
/* End PBXFrameworksBuildPhase section */

/* Begin PBXGroup section */
		028DCFF41FF5E54E00FF7368 = {
			isa = PBXGroup;
			children = (
				028DCFFF1FF5E54E00FF7368 /* HwWProject11 */,
				028DD0131FF5E54E00FF7368 /* HwWProject11 WatchKit App */,
				028DD0221FF5E54E00FF7368 /* HwWProject11 WatchKit Extension */,
				028DCFFE1FF5E54E00FF7368 /* Products */,
			);
			sourceTree = "<group>";
		};
		028DCFFE1FF5E54E00FF7368 /* Products */ = {
			isa = PBXGroup;
			children = (
				028DCFFD1FF5E54E00FF7368 /* HwWProject11.app */,
				028DD00F1FF5E54E00FF7368 /* HwWProject11 WatchKit App.app */,
				028DD01E1FF5E54E00FF7368 /* HwWProject11 WatchKit Extension.appex */,
			);
			name = Products;
			sourceTree = "<group>";
		};
		028DCFFF1FF5E54E00FF7368 /* HwWProject11 */ = {
			isa = PBXGroup;
			children = (
				028DD0001FF5E54E00FF7368 /* AppDelegate.swift */,
				028DD0021FF5E54E00FF7368 /* ViewController.swift */,
				028DD0041FF5E54E00FF7368 /* Main.storyboard */,
				028DD0071FF5E54E00FF7368 /* Assets.xcassets */,
				028DD0091FF5E54E00FF7368 /* LaunchScreen.storyboard */,
				028DD00C1FF5E54E00FF7368 /* Info.plist */,
			);
			path = HwWProject11;
			sourceTree = "<group>";
		};
		028DD0131FF5E54E00FF7368 /* HwWProject11 WatchKit App */ = {
			isa = PBXGroup;
			children = (
				028DD0141FF5E54E00FF7368 /* Interface.storyboard */,
				028DD0171FF5E54E00FF7368 /* Assets.xcassets */,
				028DD0191FF5E54E00FF7368 /* Info.plist */,
			);
			path = "HwWProject11 WatchKit App";
			sourceTree = "<group>";
		};
		028DD0221FF5E54E00FF7368 /* HwWProject11 WatchKit Extension */ = {
			isa = PBXGroup;
			children = (
				028DD0231FF5E54E00FF7368 /* InterfaceController.swift */,
				028DD0251FF5E54E00FF7368 /* ExtensionDelegate.swift */,
				028DD0271FF5E54E00FF7368 /* Assets.xcassets */,
				028DD0291FF5E54E00FF7368 /* Info.plist */,
			);
			path = "HwWProject11 WatchKit Extension";
			sourceTree = "<group>";
		};
/* End PBXGroup section */

/* Begin PBXNativeTarget section */
		028DCFFC1FF5E54E00FF7368 /* HwWProject11 */ = {
			isa = PBXNativeTarget;
			buildConfigurationList = 028DD0341FF5E54E00FF7368 /* Build configuration list for PBXNativeTarget "HwWProject11" */;
			buildPhases = (
				028DCFF91FF5E54E00FF7368 /* Sources */,
				028DCFFA1FF5E54E00FF7368 /* Frameworks */,
				028DCFFB1FF5E54E00FF7368 /* Resources */,
				028DD0331FF5E54E00FF7368 /* Embed Watch Content */,
			);
			buildRules = (
			);
			dependencies = (
				028DD0121FF5E54E00FF7368 /* PBXTargetDependency */,
			);
			name = HwWProject11;
			productName = HwWProject11;
			productReference = 028DCFFD1FF5E54E00FF7368 /* HwWProject11.app */;
			productType = "com.apple.product-type.application";
		};
		028DD00E1FF5E54E00FF7368 /* HwWProject11 WatchKit App */ = {
			isa = PBXNativeTarget;
			buildConfigurationList = 028DD0301FF5E54E00FF7368 /* Build configuration list for PBXNativeTarget "HwWProject11 WatchKit App" */;
			buildPhases = (
				028DD00D1FF5E54E00FF7368 /* Resources */,
				028DD02F1FF5E54E00FF7368 /* Embed App Extensions */,
			);
			buildRules = (
			);
			dependencies = (
				028DD0211FF5E54E00FF7368 /* PBXTargetDependency */,
			);
			name = "HwWProject11 WatchKit App";
			productName = "HwWProject11 WatchKit App";
			productReference = 028DD00F1FF5E54E00FF7368 /* HwWProject11 WatchKit App.app */;
			productType = "com.apple.product-type.application.watchapp2";
		};
		028DD01D1FF5E54E00FF7368 /* HwWProject11 WatchKit Extension */ = {
			isa = PBXNativeTarget;
			buildConfigurationList = 028DD02C1FF5E54E00FF7368 /* Build configuration list for PBXNativeTarget "HwWProject11 WatchKit Extension" */;
			buildPhases = (
				028DD01A1FF5E54E00FF7368 /* Sources */,
				028DD01B1FF5E54E00FF7368 /* Frameworks */,
				028DD01C1FF5E54E00FF7368 /* Resources */,
			);
			buildRules = (
			);
			dependencies = (
			);
			name = "HwWProject11 WatchKit Extension";
			productName = "HwWProject11 WatchKit Extension";
			productReference = 028DD01E1FF5E54E00FF7368 /* HwWProject11 WatchKit Extension.appex */;
			productType = "com.apple.product-type.watchkit2-extension";
		};
/* End PBXNativeTarget section */

/* Begin PBXProject section */
		028DCFF51FF5E54E00FF7368 /* Project object */ = {
			isa = PBXProject;
			attributes = {
				LastSwiftUpdateCheck = 0920;
				LastUpgradeCheck = 0920;
				ORGANIZATIONNAME = "Skyler Svendsen";
				TargetAttributes = {
					028DCFFC1FF5E54E00FF7368 = {
						CreatedOnToolsVersion = 9.2;
						ProvisioningStyle = Automatic;
					};
					028DD00E1FF5E54E00FF7368 = {
						CreatedOnToolsVersion = 9.2;
						ProvisioningStyle = Automatic;
					};
					028DD01D1FF5E54E00FF7368 = {
						CreatedOnToolsVersion = 9.2;
						ProvisioningStyle = Automatic;
					};
				};
			};
			buildConfigurationList = 028DCFF81FF5E54E00FF7368 /* Build configuration list for PBXProject "HwWProject11" */;
			compatibilityVersion = "Xcode 8.0";
			developmentRegion = en;
			hasScannedForEncodings = 0;
			knownRegions = (
				en,
				Base,
			);
			mainGroup = 028DCFF41FF5E54E00FF7368;
			productRefGroup = 028DCFFE1FF5E54E00FF7368 /* Products */;
			projectDirPath = "";
			projectRoot = "";
			targets = (
				028DCFFC1FF5E54E00FF7368 /* HwWProject11 */,
				028DD00E1FF5E54E00FF7368 /* HwWProject11 WatchKit App */,
				028DD01D1FF5E54E00FF7368 /* HwWProject11 WatchKit Extension */,
			);
		};
/* End PBXProject section */

/* Begin PBXResourcesBuildPhase section */
		028DCFFB1FF5E54E00FF7368 /* Resources */ = {
			isa = PBXResourcesBuildPhase;
			buildActionMask = 2147483647;
			files = (
				028DD00B1FF5E54E00FF7368 /* LaunchScreen.storyboard in Resources */,
				028DD0081FF5E54E00FF7368 /* Assets.xcassets in Resources */,
				028DD0061FF5E54E00FF7368 /* Main.storyboard in Resources */,
			);
			runOnlyForDeploymentPostprocessing = 0;
		};
		028DD00D1FF5E54E00FF7368 /* Resources */ = {
			isa = PBXResourcesBuildPhase;
			buildActionMask = 2147483647;
			files = (
				028DD0181FF5E54E00FF7368 /* Assets.xcassets in Resources */,
				028DD0161FF5E54E00FF7368 /* Interface.storyboard in Resources */,
			);
			runOnlyForDeploymentPostprocessing = 0;
		};
		028DD01C1FF5E54E00FF7368 /* Resources */ = {
			isa = PBXResourcesBuildPhase;
			buildActionMask = 2147483647;
			files = (
				028DD0281FF5E54E00FF7368 /* Assets.xcassets in Resources */,
			);
			runOnlyForDeploymentPostprocessing = 0;
		};
/* End PBXResourcesBuildPhase section */

/* Begin PBXSourcesBuildPhase section */
		028DCFF91FF5E54E00FF7368 /* Sources */ = {
			isa = PBXSourcesBuildPhase;
			buildActionMask = 2147483647;
			files = (
				028DD0031FF5E54E00FF7368 /* ViewController.swift in Sources */,
				028DD0011FF5E54E00FF7368 /* AppDelegate.swift in Sources */,
			);
			runOnlyForDeploymentPostprocessing = 0;
		};
		028DD01A1FF5E54E00FF7368 /* Sources */ = {
			isa = PBXSourcesBuildPhase;
			buildActionMask = 2147483647;
			files = (
				028DD0261FF5E54E00FF7368 /* ExtensionDelegate.swift in Sources */,
				028DD0241FF5E54E00FF7368 /* InterfaceController.swift in Sources */,
			);
			runOnlyForDeploymentPostprocessing = 0;
		};
/* End PBXSourcesBuildPhase section */

/* Begin PBXTargetDependency section */
		028DD0121FF5E54E00FF7368 /* PBXTargetDependency */ = {
			isa = PBXTargetDependency;
			target = 028DD00E1FF5E54E00FF7368 /* HwWProject11 WatchKit App */;
			targetProxy = 028DD0111FF5E54E00FF7368 /* PBXContainerItemProxy */;
		};
		028DD0211FF5E54E00FF7368 /* PBXTargetDependency */ = {
			isa = PBXTargetDependency;
			target = 028DD01D1FF5E54E00FF7368 /* HwWProject11 WatchKit Extension */;
			targetProxy = 028DD0201FF5E54E00FF7368 /* PBXContainerItemProxy */;
		};
/* End PBXTargetDependency section */

/* Begin PBXVariantGroup section */
		028DD0041FF5E54E00FF7368 /* Main.storyboard */ = {
			isa = PBXVariantGroup;
			children = (
				028DD0051FF5E54E00FF7368 /* Base */,
			);
			name = Main.storyboard;
			sourceTree = "<group>";
		};
		028DD0091FF5E54E00FF7368 /* LaunchScreen.storyboard */ = {
			isa = PBXVariantGroup;
			children = (
				028DD00A1FF5E54E00FF7368 /* Base */,
			);
			name = LaunchScreen.storyboard;
			sourceTree = "<group>";
		};
		028DD0141FF5E54E00FF7368 /* Interface.storyboard */ = {
			isa = PBXVariantGroup;
			children = (
				028DD0151FF5E54E00FF7368 /* Base */,
			);
			name = Interface.storyboard;
			sourceTree = "<group>";
		};
/* End PBXVariantGroup section */

/* Begin XCBuildConfiguration section */
		028DD02A1FF5E54E00FF7368 /* Debug */ = {
			isa = XCBuildConfiguration;
			buildSettings = {
				ALWAYS_SEARCH_USER_PATHS = NO;
				CLANG_ANALYZER_NONNULL = YES;
				CLANG_ANALYZER_NUMBER_OBJECT_CONVERSION = YES_AGGRESSIVE;
				CLANG_CXX_LANGUAGE_STANDARD = "gnu++14";
				CLANG_CXX_LIBRARY = "libc++";
				CLANG_ENABLE_MODULES = YES;
				CLANG_ENABLE_OBJC_ARC = YES;
				CLANG_WARN_BLOCK_CAPTURE_AUTORELEASING = YES;
				CLANG_WARN_BOOL_CONVERSION = YES;
				CLANG_WARN_COMMA = YES;
				CLANG_WARN_CONSTANT_CONVERSION = YES;
				CLANG_WARN_DIRECT_OBJC_ISA_USAGE = YES_ERROR;
				CLANG_WARN_DOCUMENTATION_COMMENTS = YES;
				CLANG_WARN_EMPTY_BODY = YES;
				CLANG_WARN_ENUM_CONVERSION = YES;
				CLANG_WARN_INFINITE_RECURSION = YES;
				CLANG_WARN_INT_CONVERSION = YES;
				CLANG_WARN_NON_LITERAL_NULL_CONVERSION = YES;
				CLANG_WARN_OBJC_LITERAL_CONVERSION = YES;
				CLANG_WARN_OBJC_ROOT_CLASS = YES_ERROR;
				CLANG_WARN_RANGE_LOOP_ANALYSIS = YES;
				CLANG_WARN_STRICT_PROTOTYPES = YES;
				CLANG_WARN_SUSPICIOUS_MOVE = YES;
				CLANG_WARN_UNGUARDED_AVAILABILITY = YES_AGGRESSIVE;
				CLANG_WARN_UNREACHABLE_CODE = YES;
				CLANG_WARN__DUPLICATE_METHOD_MATCH = YES;
				CODE_SIGN_IDENTITY = "iPhone Developer";
				COPY_PHASE_STRIP = NO;
				DEBUG_INFORMATION_FORMAT = dwarf;
				ENABLE_STRICT_OBJC_MSGSEND = YES;
				ENABLE_TESTABILITY = YES;
				GCC_C_LANGUAGE_STANDARD = gnu11;
				GCC_DYNAMIC_NO_PIC = NO;
				GCC_NO_COMMON_BLOCKS = YES;
				GCC_OPTIMIZATION_LEVEL = 0;
				GCC_PREPROCESSOR_DEFINITIONS = (
					"DEBUG=1",
					"$(inherited)",
				);
				GCC_WARN_64_TO_32_BIT_CONVERSION = YES;
				GCC_WARN_ABOUT_RETURN_TYPE = YES_ERROR;
				GCC_WARN_UNDECLARED_SELECTOR = YES;
				GCC_WARN_UNINITIALIZED_AUTOS = YES_AGGRESSIVE;
				GCC_WARN_UNUSED_FUNCTION = YES;
				GCC_WARN_UNUSED_VARIABLE = YES;
				IPHONEOS_DEPLOYMENT_TARGET = 11.2;
				MTL_ENABLE_DEBUG_INFO = YES;
				ONLY_ACTIVE_ARCH = YES;
				SDKROOT = iphoneos;
				SWIFT_ACTIVE_COMPILATION_CONDITIONS = DEBUG;
				SWIFT_OPTIMIZATION_LEVEL = "-Onone";
			};
			name = Debug;
		};
		028DD02B1FF5E54E00FF7368 /* Release */ = {
			isa = XCBuildConfiguration;
			buildSettings = {
				ALWAYS_SEARCH_USER_PATHS = NO;
				CLANG_ANALYZER_NONNULL = YES;
				CLANG_ANALYZER_NUMBER_OBJECT_CONVERSION = YES_AGGRESSIVE;
				CLANG_CXX_LANGUAGE_STANDARD = "gnu++14";
				CLANG_CXX_LIBRARY = "libc++";
				CLANG_ENABLE_MODULES = YES;
				CLANG_ENABLE_OBJC_ARC = YES;
				CLANG_WARN_BLOCK_CAPTURE_AUTORELEASING = YES;
				CLANG_WARN_BOOL_CONVERSION = YES;
				CLANG_WARN_COMMA = YES;
				CLANG_WARN_CONSTANT_CONVERSION = YES;
				CLANG_WARN_DIRECT_OBJC_ISA_USAGE = YES_ERROR;
				CLANG_WARN_DOCUMENTATION_COMMENTS = YES;
				CLANG_WARN_EMPTY_BODY = YES;
				CLANG_WARN_ENUM_CONVERSION = YES;
				CLANG_WARN_INFINITE_RECURSION = YES;
				CLANG_WARN_INT_CONVERSION = YES;
				CLANG_WARN_NON_LITERAL_NULL_CONVERSION = YES;
				CLANG_WARN_OBJC_LITERAL_CONVERSION = YES;
				CLANG_WARN_OBJC_ROOT_CLASS = YES_ERROR;
				CLANG_WARN_RANGE_LOOP_ANALYSIS = YES;
				CLANG_WARN_STRICT_PROTOTYPES = YES;
				CLANG_WARN_SUSPICIOUS_MOVE = YES;
				CLANG_WARN_UNGUARDED_AVAILABILITY = YES_AGGRESSIVE;
				CLANG_WARN_UNREACHABLE_CODE = YES;
				CLANG_WARN__DUPLICATE_METHOD_MATCH = YES;
				CODE_SIGN_IDENTITY = "iPhone Developer";
				COPY_PHASE_STRIP = NO;
				DEBUG_INFORMATION_FORMAT = "dwarf-with-dsym";
				ENABLE_NS_ASSERTIONS = NO;
				ENABLE_STRICT_OBJC_MSGSEND = YES;
				GCC_C_LANGUAGE_STANDARD = gnu11;
				GCC_NO_COMMON_BLOCKS = YES;
				GCC_WARN_64_TO_32_BIT_CONVERSION = YES;
				GCC_WARN_ABOUT_RETURN_TYPE = YES_ERROR;
				GCC_WARN_UNDECLARED_SELECTOR = YES;
				GCC_WARN_UNINITIALIZED_AUTOS = YES_AGGRESSIVE;
				GCC_WARN_UNUSED_FUNCTION = YES;
				GCC_WARN_UNUSED_VARIABLE = YES;
				IPHONEOS_DEPLOYMENT_TARGET = 11.2;
				MTL_ENABLE_DEBUG_INFO = NO;
				SDKROOT = iphoneos;
				SWIFT_OPTIMIZATION_LEVEL = "-Owholemodule";
				VALIDATE_PRODUCT = YES;
			};
			name = Release;
		};
		028DD02D1FF5E54E00FF7368 /* Debug */ = {
			isa = XCBuildConfiguration;
			buildSettings = {
				ASSETCATALOG_COMPILER_COMPLICATION_NAME = Complication;
				CODE_SIGN_STYLE = Automatic;
				DEVELOPMENT_TEAM = XF4U8W5J97;
				INFOPLIST_FILE = "HwWProject11 WatchKit Extension/Info.plist";
				LD_RUNPATH_SEARCH_PATHS = "$(inherited) @executable_path/Frameworks @executable_path/../../Frameworks";
				PRODUCT_BUNDLE_IDENTIFIER = SkylerSvendsen.HwWProject11.watchkitapp.watchkitextension;
				PRODUCT_NAME = "${TARGET_NAME}";
				SDKROOT = watchos;
				SKIP_INSTALL = YES;
				SWIFT_VERSION = 4.0;
				TARGETED_DEVICE_FAMILY = 4;
				WATCHOS_DEPLOYMENT_TARGET = 4.2;
			};
			name = Debug;
		};
		028DD02E1FF5E54E00FF7368 /* Release */ = {
			isa = XCBuildConfiguration;
			buildSettings = {
				ASSETCATALOG_COMPILER_COMPLICATION_NAME = Complication;
				CODE_SIGN_STYLE = Automatic;
				DEVELOPMENT_TEAM = XF4U8W5J97;
				INFOPLIST_FILE = "HwWProject11 WatchKit Extension/Info.plist";
				LD_RUNPATH_SEARCH_PATHS = "$(inherited) @executable_path/Frameworks @executable_path/../../Frameworks";
				PRODUCT_BUNDLE_IDENTIFIER = SkylerSvendsen.HwWProject11.watchkitapp.watchkitextension;
				PRODUCT_NAME = "${TARGET_NAME}";
				SDKROOT = watchos;
				SKIP_INSTALL = YES;
				SWIFT_VERSION = 4.0;
				TARGETED_DEVICE_FAMILY = 4;
				WATCHOS_DEPLOYMENT_TARGET = 4.2;
			};
			name = Release;
		};
		028DD0311FF5E54E00FF7368 /* Debug */ = {
			isa = XCBuildConfiguration;
			buildSettings = {
				ALWAYS_EMBED_SWIFT_STANDARD_LIBRARIES = YES;
				ASSETCATALOG_COMPILER_APPICON_NAME = AppIcon;
				CODE_SIGN_STYLE = Automatic;
				DEVELOPMENT_TEAM = XF4U8W5J97;
				IBSC_MODULE = HwWProject11_WatchKit_Extension;
				INFOPLIST_FILE = "HwWProject11 WatchKit App/Info.plist";
				PRODUCT_BUNDLE_IDENTIFIER = SkylerSvendsen.HwWProject11.watchkitapp;
				PRODUCT_NAME = "$(TARGET_NAME)";
				SDKROOT = watchos;
				SKIP_INSTALL = YES;
				SWIFT_VERSION = 4.0;
				TARGETED_DEVICE_FAMILY = 4;
				WATCHOS_DEPLOYMENT_TARGET = 4.2;
			};
			name = Debug;
		};
		028DD0321FF5E54E00FF7368 /* Release */ = {
			isa = XCBuildConfiguration;
			buildSettings = {
				ALWAYS_EMBED_SWIFT_STANDARD_LIBRARIES = YES;
				ASSETCATALOG_COMPILER_APPICON_NAME = AppIcon;
				CODE_SIGN_STYLE = Automatic;
				DEVELOPMENT_TEAM = XF4U8W5J97;
				IBSC_MODULE = HwWProject11_WatchKit_Extension;
				INFOPLIST_FILE = "HwWProject11 WatchKit App/Info.plist";
				PRODUCT_BUNDLE_IDENTIFIER = SkylerSvendsen.HwWProject11.watchkitapp;
				PRODUCT_NAME = "$(TARGET_NAME)";
				SDKROOT = watchos;
				SKIP_INSTALL = YES;
				SWIFT_VERSION = 4.0;
				TARGETED_DEVICE_FAMILY = 4;
				WATCHOS_DEPLOYMENT_TARGET = 4.2;
			};
			name = Release;
		};
		028DD0351FF5E54E00FF7368 /* Debug */ = {
			isa = XCBuildConfiguration;
			buildSettings = {
				ASSETCATALOG_COMPILER_APPICON_NAME = AppIcon;
				CODE_SIGN_STYLE = Automatic;
				DEVELOPMENT_TEAM = XF4U8W5J97;
				INFOPLIST_FILE = HwWProject11/Info.plist;
				LD_RUNPATH_SEARCH_PATHS = "$(inherited) @executable_path/Frameworks";
				PRODUCT_BUNDLE_IDENTIFIER = SkylerSvendsen.HwWProject11;
				PRODUCT_NAME = "$(TARGET_NAME)";
				SWIFT_VERSION = 4.0;
				TARGETED_DEVICE_FAMILY = "1,2";
			};
			name = Debug;
		};
		028DD0361FF5E54E00FF7368 /* Release */ = {
			isa = XCBuildConfiguration;
			buildSettings = {
				ASSETCATALOG_COMPILER_APPICON_NAME = AppIcon;
				CODE_SIGN_STYLE = Automatic;
				DEVELOPMENT_TEAM = XF4U8W5J97;
				INFOPLIST_FILE = HwWProject11/Info.plist;
				LD_RUNPATH_SEARCH_PATHS = "$(inherited) @executable_path/Frameworks";
				PRODUCT_BUNDLE_IDENTIFIER = SkylerSvendsen.HwWProject11;
				PRODUCT_NAME = "$(TARGET_NAME)";
				SWIFT_VERSION = 4.0;
				TARGETED_DEVICE_FAMILY = "1,2";
			};
			name = Release;
		};
/* End XCBuildConfiguration section */

/* Begin XCConfigurationList section */
		028DCFF81FF5E54E00FF7368 /* Build configuration list for PBXProject "HwWProject11" */ = {
			isa = XCConfigurationList;
			buildConfigurations = (
				028DD02A1FF5E54E00FF7368 /* Debug */,
				028DD02B1FF5E54E00FF7368 /* Release */,
			);
			defaultConfigurationIsVisible = 0;
			defaultConfigurationName = Release;
		};
		028DD02C1FF5E54E00FF7368 /* Build configuration list for PBXNativeTarget "HwWProject11 WatchKit Extension" */ = {
			isa = XCConfigurationList;
			buildConfigurations = (
				028DD02D1FF5E54E00FF7368 /* Debug */,
				028DD02E1FF5E54E00FF7368 /* Release */,
			);
			defaultConfigurationIsVisible = 0;
			defaultConfigurationName = Release;
		};
		028DD0301FF5E54E00FF7368 /* Build configuration list for PBXNativeTarget "HwWProject11 WatchKit App" */ = {
			isa = XCConfigurationList;
			buildConfigurations = (
				028DD0311FF5E54E00FF7368 /* Debug */,
				028DD0321FF5E54E00FF7368 /* Release */,
			);
			defaultConfigurationIsVisible = 0;
			defaultConfigurationName = Release;
		};
		028DD0341FF5E54E00FF7368 /* Build configuration list for PBXNativeTarget "HwWProject11" */ = {
			isa = XCConfigurationList;
			buildConfigurations = (
				028DD0351FF5E54E00FF7368 /* Debug */,
				028DD0361FF5E54E00FF7368 /* Release */,
			);
			defaultConfigurationIsVisible = 0;
			defaultConfigurationName = Release;
		};
/* End XCConfigurationList section */
	};
	rootObject = 028DCFF51FF5E54E00FF7368 /* Project object */;
}
